// !$*UTF8*$!
{
	archiveVersion = 1;
	classes = {
	};
	objectVersion = 46;
	objects = {

/* Begin PBXBuildFile section */
		1D3623260D0F684500981E51 /* Rsc_DemoAppDelegate.m in Sources */ = {isa = PBXBuildFile; fileRef = 1D3623250D0F684500981E51 /* Rsc_DemoAppDelegate.m */; };
		1D60589B0D05DD56006BFB54 /* main.m in Sources */ = {isa = PBXBuildFile; fileRef = 29B97316FDCFA39411CA2CEA /* main.m */; };
		1D60589F0D05DD5A006BFB54 /* Foundation.framework in Frameworks */ = {isa = PBXBuildFile; fileRef = 1D30AB110D05D00D00671497 /* Foundation.framework */; };
		1DF5F4E00D08C38300B7A737 /* UIKit.framework in Frameworks */ = {isa = PBXBuildFile; fileRef = 1DF5F4DF0D08C38300B7A737 /* UIKit.framework */; };
		2892E4100DC94CBA00A64D0F /* CoreGraphics.framework in Frameworks */ = {isa = PBXBuildFile; fileRef = 2892E40F0DC94CBA00A64D0F /* CoreGraphics.framework */; };
		28AD73600D9D9599002E5188 /* MainWindow.xib in Resources */ = {isa = PBXBuildFile; fileRef = 28AD735F0D9D9599002E5188 /* MainWindow.xib */; };
		28C286E10D94DF7D0034E888 /* RootViewController.m in Sources */ = {isa = PBXBuildFile; fileRef = 28C286E00D94DF7D0034E888 /* RootViewController.m */; };
		28F335F11007B36200424DE2 /* RootViewController.xib in Resources */ = {isa = PBXBuildFile; fileRef = 28F335F01007B36200424DE2 /* RootViewController.xib */; };
		34399C7E144B71F9002E1E1F /* TestViewController.xib in Resources */ = {isa = PBXBuildFile; fileRef = 34399C7D144B71F9002E1E1F /* TestViewController.xib */; };
		344E90AC144B4672005BCE12 /* TestViewController.m in Sources */ = {isa = PBXBuildFile; fileRef = 344E90AA144B4672005BCE12 /* TestViewController.m */; };
		3F2BEBB01305377E000E1AEF /* ExternalAccessory.framework in Frameworks */ = {isa = PBXBuildFile; fileRef = 3F2BEBAF1305377E000E1AEF /* ExternalAccessory.framework */; };
		3F398D8913918B79002F2EAC /* MainWindow-iPad.xib in Resources */ = {isa = PBXBuildFile; fileRef = 3F398D8813918B79002F2EAC /* MainWindow-iPad.xib */; };
		3F398D9313959B34002F2EAC /* serial_icon4_57x57.png in Resources */ = {isa = PBXBuildFile; fileRef = 3F398D9213959B34002F2EAC /* serial_icon4_57x57.png */; };
		3F398D9513959B4D002F2EAC /* serial_icon4_114x114.png in Resources */ = {isa = PBXBuildFile; fileRef = 3F398D9413959B4D002F2EAC /* serial_icon4_114x114.png */; };
		3F398D9713959B5A002F2EAC /* Serial_icon4_72x72.png in Resources */ = {isa = PBXBuildFile; fileRef = 3F398D9613959B5A002F2EAC /* Serial_icon4_72x72.png */; };
		3F44777D13BC697C00774230 /* libRscMgrUniv.a in Frameworks */ = {isa = PBXBuildFile; fileRef = 3F44777C13BC697C00774230 /* libRscMgrUniv.a */; };
		3F84A991130CB178005A7E37 /* PortconfigStrings.plist in Resources */ = {isa = PBXBuildFile; fileRef = 3F84A990130CB178005A7E37 /* PortconfigStrings.plist */; };
		3FC4B24213981745000E0339 /* iTunesArtwork.png in Resources */ = {isa = PBXBuildFile; fileRef = 3FC4B24113981745000E0339 /* iTunesArtwork.png */; };
		3FD39A90130DE08800F786BA /* SelectionViewController.m in Sources */ = {isa = PBXBuildFile; fileRef = 3FD39A8E130DE08800F786BA /* SelectionViewController.m */; };
		3FD39A91130DE08800F786BA /* SelectionViewController.xib in Resources */ = {isa = PBXBuildFile; fileRef = 3FD39A8F130DE08800F786BA /* SelectionViewController.xib */; };
		BBE3BFE91675471000CD5836 /* UDPConnection.m in Sources */ = {isa = PBXBuildFile; fileRef = BBE3BFE71675470F00CD5836 /* UDPConnection.m */; };
		BBE3BFEB1675481300CD5836 /* Default-568h@2x.png in Resources */ = {isa = PBXBuildFile; fileRef = BBE3BFEA1675481200CD5836 /* Default-568h@2x.png */; };
		BBE3BFEC16754A1F00CD5836 /* GCDAsyncUdpSocket.m in Sources */ = {isa = PBXBuildFile; fileRef = BBE3BFE21675444C00CD5836 /* GCDAsyncUdpSocket.m */; settings = {COMPILER_FLAGS = "-fobjc-arc"; }; };
		BBE3BFED16754A2300CD5836 /* GCDAsyncSocket.m in Sources */ = {isa = PBXBuildFile; fileRef = BBE3BFE01675444C00CD5836 /* GCDAsyncSocket.m */; settings = {COMPILER_FLAGS = "-fobjc-arc"; }; };
		BBE3BFEF16754B0C00CD5836 /* CFNetwork.framework in Frameworks */ = {isa = PBXBuildFile; fileRef = BBE3BFEE16754B0C00CD5836 /* CFNetwork.framework */; };
		BBE3BFF116754B2300CD5836 /* Security.framework in Frameworks */ = {isa = PBXBuildFile; fileRef = BBE3BFF016754B2300CD5836 /* Security.framework */; };
/* End PBXBuildFile section */

/* Begin PBXFileReference section */
		1D30AB110D05D00D00671497 /* Foundation.framework */ = {isa = PBXFileReference; lastKnownFileType = wrapper.framework; name = Foundation.framework; path = System/Library/Frameworks/Foundation.framework; sourceTree = SDKROOT; };
		1D3623240D0F684500981E51 /* Rsc_DemoAppDelegate.h */ = {isa = PBXFileReference; fileEncoding = 4; lastKnownFileType = sourcecode.c.h; path = Rsc_DemoAppDelegate.h; sourceTree = "<group>"; };
		1D3623250D0F684500981E51 /* Rsc_DemoAppDelegate.m */ = {isa = PBXFileReference; fileEncoding = 4; lastKnownFileType = sourcecode.c.objc; path = Rsc_DemoAppDelegate.m; sourceTree = "<group>"; };
		1D6058910D05DD3D006BFB54 /* KineSutra.app */ = {isa = PBXFileReference; explicitFileType = wrapper.application; includeInIndex = 0; path = KineSutra.app; sourceTree = BUILT_PRODUCTS_DIR; };
		1DF5F4DF0D08C38300B7A737 /* UIKit.framework */ = {isa = PBXFileReference; lastKnownFileType = wrapper.framework; name = UIKit.framework; path = System/Library/Frameworks/UIKit.framework; sourceTree = SDKROOT; };
		2892E40F0DC94CBA00A64D0F /* CoreGraphics.framework */ = {isa = PBXFileReference; lastKnownFileType = wrapper.framework; name = CoreGraphics.framework; path = System/Library/Frameworks/CoreGraphics.framework; sourceTree = SDKROOT; };
		28A0AAE50D9B0CCF005BE974 /* Rsc_Demo_Prefix.pch */ = {isa = PBXFileReference; fileEncoding = 4; lastKnownFileType = sourcecode.c.h; path = Rsc_Demo_Prefix.pch; sourceTree = "<group>"; };
		28AD735F0D9D9599002E5188 /* MainWindow.xib */ = {isa = PBXFileReference; lastKnownFileType = file.xib; path = MainWindow.xib; sourceTree = "<group>"; };
		28C286DF0D94DF7D0034E888 /* RootViewController.h */ = {isa = PBXFileReference; fileEncoding = 4; lastKnownFileType = sourcecode.c.h; path = RootViewController.h; sourceTree = "<group>"; };
		28C286E00D94DF7D0034E888 /* RootViewController.m */ = {isa = PBXFileReference; fileEncoding = 4; lastKnownFileType = sourcecode.c.objc; path = RootViewController.m; sourceTree = "<group>"; };
		28F335F01007B36200424DE2 /* RootViewController.xib */ = {isa = PBXFileReference; lastKnownFileType = file.xib; path = RootViewController.xib; sourceTree = "<group>"; };
		29B97316FDCFA39411CA2CEA /* main.m */ = {isa = PBXFileReference; fileEncoding = 4; lastKnownFileType = sourcecode.c.objc; path = main.m; sourceTree = "<group>"; };
		34399C7D144B71F9002E1E1F /* TestViewController.xib */ = {isa = PBXFileReference; fileEncoding = 4; lastKnownFileType = file.xib; name = TestViewController.xib; path = Classes/TestViewController.xib; sourceTree = "<group>"; };
		344E90A9144B4672005BCE12 /* TestViewController.h */ = {isa = PBXFileReference; fileEncoding = 4; lastKnownFileType = sourcecode.c.h; path = TestViewController.h; sourceTree = "<group>"; };
		344E90AA144B4672005BCE12 /* TestViewController.m */ = {isa = PBXFileReference; fileEncoding = 4; lastKnownFileType = sourcecode.c.objc; path = TestViewController.m; sourceTree = "<group>"; };
		3F2BEBAF1305377E000E1AEF /* ExternalAccessory.framework */ = {isa = PBXFileReference; lastKnownFileType = wrapper.framework; name = ExternalAccessory.framework; path = System/Library/Frameworks/ExternalAccessory.framework; sourceTree = SDKROOT; };
		3F398D8813918B79002F2EAC /* MainWindow-iPad.xib */ = {isa = PBXFileReference; lastKnownFileType = file.xib; name = "MainWindow-iPad.xib"; path = "iPad/MainWindow-iPad.xib"; sourceTree = "<group>"; };
		3F398D9213959B34002F2EAC /* serial_icon4_57x57.png */ = {isa = PBXFileReference; lastKnownFileType = image.png; path = serial_icon4_57x57.png; sourceTree = "<group>"; };
		3F398D9413959B4D002F2EAC /* serial_icon4_114x114.png */ = {isa = PBXFileReference; lastKnownFileType = image.png; path = serial_icon4_114x114.png; sourceTree = "<group>"; };
		3F398D9613959B5A002F2EAC /* Serial_icon4_72x72.png */ = {isa = PBXFileReference; lastKnownFileType = image.png; path = Serial_icon4_72x72.png; sourceTree = "<group>"; };
		3F44777C13BC697C00774230 /* libRscMgrUniv.a */ = {isa = PBXFileReference; lastKnownFileType = archive.ar; path = libRscMgrUniv.a; sourceTree = "<group>"; };
		3F84A990130CB178005A7E37 /* PortconfigStrings.plist */ = {isa = PBXFileReference; fileEncoding = 4; lastKnownFileType = text.plist.xml; path = PortconfigStrings.plist; sourceTree = "<group>"; };
		3FC4B24113981745000E0339 /* iTunesArtwork.png */ = {isa = PBXFileReference; lastKnownFileType = image.png; path = iTunesArtwork.png; sourceTree = "<group>"; };
		3FD39A8D130DE08800F786BA /* SelectionViewController.h */ = {isa = PBXFileReference; fileEncoding = 4; lastKnownFileType = sourcecode.c.h; path = SelectionViewController.h; sourceTree = "<group>"; };
		3FD39A8E130DE08800F786BA /* SelectionViewController.m */ = {isa = PBXFileReference; fileEncoding = 4; lastKnownFileType = sourcecode.c.objc; path = SelectionViewController.m; sourceTree = "<group>"; };
		3FD39A8F130DE08800F786BA /* SelectionViewController.xib */ = {isa = PBXFileReference; lastKnownFileType = file.xib; path = SelectionViewController.xib; sourceTree = "<group>"; };
		8D1107310486CEB800E47090 /* Rsc_Demo-Info.plist */ = {isa = PBXFileReference; fileEncoding = 4; lastKnownFileType = text.plist.xml; path = "Rsc_Demo-Info.plist"; plistStructureDefinitionIdentifier = "com.apple.xcode.plist.structure-definition.iphone.info-plist"; sourceTree = "<group>"; };
		BBE3BFDC16753ADF00CD5836 /* RscMgr.h */ = {isa = PBXFileReference; fileEncoding = 4; lastKnownFileType = sourcecode.c.h; path = RscMgr.h; sourceTree = "<group>"; };
		BBE3BFDD16753ADF00CD5836 /* redparkSerial.h */ = {isa = PBXFileReference; fileEncoding = 4; lastKnownFileType = sourcecode.c.h; path = redparkSerial.h; sourceTree = "<group>"; };
		BBE3BFDF1675444C00CD5836 /* GCDAsyncSocket.h */ = {isa = PBXFileReference; lastKnownFileType = sourcecode.c.h; path = GCDAsyncSocket.h; sourceTree = "<group>"; };
		BBE3BFE01675444C00CD5836 /* GCDAsyncSocket.m */ = {isa = PBXFileReference; lastKnownFileType = sourcecode.c.objc; path = GCDAsyncSocket.m; sourceTree = "<group>"; };
		BBE3BFE11675444C00CD5836 /* GCDAsyncUdpSocket.h */ = {isa = PBXFileReference; lastKnownFileType = sourcecode.c.h; path = GCDAsyncUdpSocket.h; sourceTree = "<group>"; };
		BBE3BFE21675444C00CD5836 /* GCDAsyncUdpSocket.m */ = {isa = PBXFileReference; lastKnownFileType = sourcecode.c.objc; path = GCDAsyncUdpSocket.m; sourceTree = "<group>"; };
		BBE3BFE71675470F00CD5836 /* UDPConnection.m */ = {isa = PBXFileReference; fileEncoding = 4; lastKnownFileType = sourcecode.c.objc; path = UDPConnection.m; sourceTree = "<group>"; };
		BBE3BFE81675470F00CD5836 /* UDPConnection.h */ = {isa = PBXFileReference; fileEncoding = 4; lastKnownFileType = sourcecode.c.h; path = UDPConnection.h; sourceTree = "<group>"; };
		BBE3BFEA1675481200CD5836 /* Default-568h@2x.png */ = {isa = PBXFileReference; lastKnownFileType = image.png; path = "Default-568h@2x.png"; sourceTree = "<group>"; };
		BBE3BFEE16754B0C00CD5836 /* CFNetwork.framework */ = {isa = PBXFileReference; lastKnownFileType = wrapper.framework; name = CFNetwork.framework; path = System/Library/Frameworks/CFNetwork.framework; sourceTree = SDKROOT; };
		BBE3BFF016754B2300CD5836 /* Security.framework */ = {isa = PBXFileReference; lastKnownFileType = wrapper.framework; name = Security.framework; path = System/Library/Frameworks/Security.framework; sourceTree = SDKROOT; };
/* End PBXFileReference section */

/* Begin PBXFrameworksBuildPhase section */
		1D60588F0D05DD3D006BFB54 /* Frameworks */ = {
			isa = PBXFrameworksBuildPhase;
			buildActionMask = 2147483647;
			files = (
				BBE3BFF116754B2300CD5836 /* Security.framework in Frameworks */,
				BBE3BFEF16754B0C00CD5836 /* CFNetwork.framework in Frameworks */,
				1D60589F0D05DD5A006BFB54 /* Foundation.framework in Frameworks */,
				1DF5F4E00D08C38300B7A737 /* UIKit.framework in Frameworks */,
				2892E4100DC94CBA00A64D0F /* CoreGraphics.framework in Frameworks */,
				3F2BEBB01305377E000E1AEF /* ExternalAccessory.framework in Frameworks */,
				3F44777D13BC697C00774230 /* libRscMgrUniv.a in Frameworks */,
			);
			runOnlyForDeploymentPostprocessing = 0;
		};
/* End PBXFrameworksBuildPhase section */

/* Begin PBXGroup section */
		080E96DDFE201D6D7F000001 /* Classes */ = {
			isa = PBXGroup;
			children = (
				28C286DF0D94DF7D0034E888 /* RootViewController.h */,
				28C286E00D94DF7D0034E888 /* RootViewController.m */,
				1D3623240D0F684500981E51 /* Rsc_DemoAppDelegate.h */,
				1D3623250D0F684500981E51 /* Rsc_DemoAppDelegate.m */,
				3FD39A8D130DE08800F786BA /* SelectionViewController.h */,
				3FD39A8E130DE08800F786BA /* SelectionViewController.m */,
				344E90A9144B4672005BCE12 /* TestViewController.h */,
				344E90AA144B4672005BCE12 /* TestViewController.m */,
				BBE3BFE81675470F00CD5836 /* UDPConnection.h */,
				BBE3BFE71675470F00CD5836 /* UDPConnection.m */,
				BBE3BFDE1675410F00CD5836 /* 3rd Party */,
			);
			path = Classes;
			sourceTree = "<group>";
		};
		19C28FACFE9D520D11CA2CBB /* Products */ = {
			isa = PBXGroup;
			children = (
				1D6058910D05DD3D006BFB54 /* KineSutra.app */,
			);
			name = Products;
			sourceTree = "<group>";
		};
		29B97314FDCFA39411CA2CEA /* CustomTemplate */ = {
			isa = PBXGroup;
			children = (
				BBE3BFF016754B2300CD5836 /* Security.framework */,
				BBE3BFEE16754B0C00CD5836 /* CFNetwork.framework */,
				BBE3BFEA1675481200CD5836 /* Default-568h@2x.png */,
				080E96DDFE201D6D7F000001 /* Classes */,
				3FAE4A8A13B0024600149F05 /* Redpark SDK */,
				29B97315FDCFA39411CA2CEA /* Other Sources */,
				29B97317FDCFA39411CA2CEA /* Resources */,
				3F398D8713918B74002F2EAC /* iPad */,
				29B97323FDCFA39411CA2CEA /* Frameworks */,
				19C28FACFE9D520D11CA2CBB /* Products */,
			);
			name = CustomTemplate;
			sourceTree = "<group>";
		};
		29B97315FDCFA39411CA2CEA /* Other Sources */ = {
			isa = PBXGroup;
			children = (
				28A0AAE50D9B0CCF005BE974 /* Rsc_Demo_Prefix.pch */,
				29B97316FDCFA39411CA2CEA /* main.m */,
			);
			name = "Other Sources";
			sourceTree = "<group>";
		};
		29B97317FDCFA39411CA2CEA /* Resources */ = {
			isa = PBXGroup;
			children = (
				28F335F01007B36200424DE2 /* RootViewController.xib */,
				34399C7D144B71F9002E1E1F /* TestViewController.xib */,
				3FC4B24113981745000E0339 /* iTunesArtwork.png */,
				3F398D9613959B5A002F2EAC /* Serial_icon4_72x72.png */,
				3F398D9413959B4D002F2EAC /* serial_icon4_114x114.png */,
				3F398D9213959B34002F2EAC /* serial_icon4_57x57.png */,
				3FD39A8F130DE08800F786BA /* SelectionViewController.xib */,
				28AD735F0D9D9599002E5188 /* MainWindow.xib */,
				8D1107310486CEB800E47090 /* Rsc_Demo-Info.plist */,
				3F84A990130CB178005A7E37 /* PortconfigStrings.plist */,
			);
			name = Resources;
			sourceTree = "<group>";
		};
		29B97323FDCFA39411CA2CEA /* Frameworks */ = {
			isa = PBXGroup;
			children = (
				3F2BEBAF1305377E000E1AEF /* ExternalAccessory.framework */,
				1DF5F4DF0D08C38300B7A737 /* UIKit.framework */,
				1D30AB110D05D00D00671497 /* Foundation.framework */,
				2892E40F0DC94CBA00A64D0F /* CoreGraphics.framework */,
			);
			name = Frameworks;
			sourceTree = "<group>";
		};
		3F398D8713918B74002F2EAC /* iPad */ = {
			isa = PBXGroup;
			children = (
				3F398D8813918B79002F2EAC /* MainWindow-iPad.xib */,
			);
			name = iPad;
			sourceTree = "<group>";
		};
		3FAE4A8A13B0024600149F05 /* Redpark SDK */ = {
			isa = PBXGroup;
			children = (
				3FAE4A8D13B0026100149F05 /* lib */,
			);
			name = "Redpark SDK";
			sourceTree = "<group>";
		};
		3FAE4A8D13B0026100149F05 /* lib */ = {
			isa = PBXGroup;
			children = (
				3F44777C13BC697C00774230 /* libRscMgrUniv.a */,
			);
			name = lib;
			path = ../lib;
			sourceTree = "<group>";
		};
		BBE3BFDE1675410F00CD5836 /* 3rd Party */ = {
			isa = PBXGroup;
			children = (
				BBE3BFDF1675444C00CD5836 /* GCDAsyncSocket.h */,
				BBE3BFE01675444C00CD5836 /* GCDAsyncSocket.m */,
				BBE3BFE11675444C00CD5836 /* GCDAsyncUdpSocket.h */,
				BBE3BFE21675444C00CD5836 /* GCDAsyncUdpSocket.m */,
				BBE3BFDC16753ADF00CD5836 /* RscMgr.h */,
				BBE3BFDD16753ADF00CD5836 /* redparkSerial.h */,
			);
			name = "3rd Party";
			sourceTree = "<group>";
		};
/* End PBXGroup section */

/* Begin PBXNativeTarget section */
		1D6058900D05DD3D006BFB54 /* KineSutra */ = {
			isa = PBXNativeTarget;
			buildConfigurationList = 1D6058960D05DD3E006BFB54 /* Build configuration list for PBXNativeTarget "KineSutra" */;
			buildPhases = (
				1D60588D0D05DD3D006BFB54 /* Resources */,
				1D60588E0D05DD3D006BFB54 /* Sources */,
				1D60588F0D05DD3D006BFB54 /* Frameworks */,
			);
			buildRules = (
			);
			dependencies = (
			);
			name = KineSutra;
			productName = "Rsc Demo";
			productReference = 1D6058910D05DD3D006BFB54 /* KineSutra.app */;
			productType = "com.apple.product-type.application";
		};
/* End PBXNativeTarget section */

/* Begin PBXProject section */
		29B97313FDCFA39411CA2CEA /* Project object */ = {
			isa = PBXProject;
			attributes = {
				LastUpgradeCheck = 0450;
			};
			buildConfigurationList = C01FCF4E08A954540054247B /* Build configuration list for PBXProject "KineSutra" */;
			compatibilityVersion = "Xcode 3.2";
			developmentRegion = English;
			hasScannedForEncodings = 1;
			knownRegions = (
				English,
				Japanese,
				French,
				German,
				en,
			);
			mainGroup = 29B97314FDCFA39411CA2CEA /* CustomTemplate */;
			projectDirPath = "";
			projectRoot = "";
			targets = (
				1D6058900D05DD3D006BFB54 /* KineSutra */,
			);
		};
/* End PBXProject section */

/* Begin PBXResourcesBuildPhase section */
		1D60588D0D05DD3D006BFB54 /* Resources */ = {
			isa = PBXResourcesBuildPhase;
			buildActionMask = 2147483647;
			files = (
				28AD73600D9D9599002E5188 /* MainWindow.xib in Resources */,
				28F335F11007B36200424DE2 /* RootViewController.xib in Resources */,
				3F84A991130CB178005A7E37 /* PortconfigStrings.plist in Resources */,
				3FD39A91130DE08800F786BA /* SelectionViewController.xib in Resources */,
				3F398D8913918B79002F2EAC /* MainWindow-iPad.xib in Resources */,
				3F398D9313959B34002F2EAC /* serial_icon4_57x57.png in Resources */,
				3F398D9513959B4D002F2EAC /* serial_icon4_114x114.png in Resources */,
				3F398D9713959B5A002F2EAC /* Serial_icon4_72x72.png in Resources */,
				3FC4B24213981745000E0339 /* iTunesArtwork.png in Resources */,
				34399C7E144B71F9002E1E1F /* TestViewController.xib in Resources */,
				BBE3BFEB1675481300CD5836 /* Default-568h@2x.png in Resources */,
			);
			runOnlyForDeploymentPostprocessing = 0;
		};
/* End PBXResourcesBuildPhase section */

/* Begin PBXSourcesBuildPhase section */
		1D60588E0D05DD3D006BFB54 /* Sources */ = {
			isa = PBXSourcesBuildPhase;
			buildActionMask = 2147483647;
			files = (
				1D60589B0D05DD56006BFB54 /* main.m in Sources */,
				1D3623260D0F684500981E51 /* Rsc_DemoAppDelegate.m in Sources */,
				28C286E10D94DF7D0034E888 /* RootViewController.m in Sources */,
				3FD39A90130DE08800F786BA /* SelectionViewController.m in Sources */,
				344E90AC144B4672005BCE12 /* TestViewController.m in Sources */,
				BBE3BFE91675471000CD5836 /* UDPConnection.m in Sources */,
				BBE3BFEC16754A1F00CD5836 /* GCDAsyncUdpSocket.m in Sources */,
				BBE3BFED16754A2300CD5836 /* GCDAsyncSocket.m in Sources */,
			);
			runOnlyForDeploymentPostprocessing = 0;
		};
/* End PBXSourcesBuildPhase section */

/* Begin XCBuildConfiguration section */
		1D6058940D05DD3E006BFB54 /* Debug */ = {
			isa = XCBuildConfiguration;
			buildSettings = {
				ALWAYS_SEARCH_USER_PATHS = NO;
				CODE_SIGN_IDENTITY = "";
				"CODE_SIGN_IDENTITY[sdk=iphoneos*]" = "iPhone Developer";
				COPY_PHASE_STRIP = NO;
				GCC_DYNAMIC_NO_PIC = NO;
				GCC_OPTIMIZATION_LEVEL = 0;
				GCC_PRECOMPILE_PREFIX_HEADER = YES;
				GCC_PREFIX_HEADER = Rsc_Demo_Prefix.pch;
				GCC_VERSION = com.apple.compilers.llvm.clang.1_0;
				INFOPLIST_FILE = "Rsc_Demo-Info.plist";
				IPHONEOS_DEPLOYMENT_TARGET = 4.3;
				LIBRARY_SEARCH_PATHS = (
					"$(inherited)",
					"\"$(SRCROOT)\"",
					"\"$(SRCROOT)/..\"",
				);
				ONLY_ACTIVE_ARCH = NO;
				PRODUCT_NAME = KineSutra;
				"PROVISIONING_PROFILE[sdk=iphoneos*]" = "";
				TARGETED_DEVICE_FAMILY = "1,2";
			};
			name = Debug;
		};
		1D6058950D05DD3E006BFB54 /* Release */ = {
			isa = XCBuildConfiguration;
			buildSettings = {
				ALWAYS_SEARCH_USER_PATHS = NO;
				CODE_SIGN_IDENTITY = "";
				"CODE_SIGN_IDENTITY[sdk=iphoneos*]" = "iPhone Developer";
				COPY_PHASE_STRIP = YES;
				GCC_PRECOMPILE_PREFIX_HEADER = YES;
				GCC_PREFIX_HEADER = Rsc_Demo_Prefix.pch;
				GCC_VERSION = com.apple.compilers.llvm.clang.1_0;
				INFOPLIST_FILE = "Rsc_Demo-Info.plist";
				IPHONEOS_DEPLOYMENT_TARGET = 4.3;
				LIBRARY_SEARCH_PATHS = (
					"$(inherited)",
					"\"$(SRCROOT)\"",
					"\"$(SRCROOT)/..\"",
				);
				PRODUCT_NAME = KineSutra;
				"PROVISIONING_PROFILE[sdk=iphoneos*]" = "";
				TARGETED_DEVICE_FAMILY = "1,2";
				VALIDATE_PRODUCT = YES;
			};
			name = Release;
		};
		C01FCF4F08A954540054247B /* Debug */ = {
			isa = XCBuildConfiguration;
			buildSettings = {
				ARCHS = "$(ARCHS_STANDARD_32_BIT)";
				CODE_SIGN_IDENTITY = "";
				"CODE_SIGN_IDENTITY[sdk=iphoneos*]" = "iPhone Developer";
				GCC_C_LANGUAGE_STANDARD = c99;
				GCC_VERSION = com.apple.compilers.llvmgcc42;
				GCC_WARN_ABOUT_RETURN_TYPE = YES;
				GCC_WARN_UNUSED_VARIABLE = YES;
				IPHONEOS_DEPLOYMENT_TARGET = 4.3;
				SDKROOT = iphoneos;
			};
			name = Debug;
		};
		C01FCF5008A954540054247B /* Release */ = {
			isa = XCBuildConfiguration;
			buildSettings = {
				ARCHS = "$(ARCHS_STANDARD_32_BIT)";
				CODE_SIGN_IDENTITY = "";
				"CODE_SIGN_IDENTITY[sdk=iphoneos*]" = "iPhone Developer";
				GCC_C_LANGUAGE_STANDARD = c99;
				GCC_VERSION = com.apple.compilers.llvmgcc42;
				GCC_WARN_ABOUT_RETURN_TYPE = YES;
				GCC_WARN_UNUSED_VARIABLE = YES;
				IPHONEOS_DEPLOYMENT_TARGET = 4.3;
				OTHER_CFLAGS = "-DNS_BLOCK_ASSERTIONS=1";
				SDKROOT = iphoneos;
			};
			name = Release;
		};
/* End XCBuildConfiguration section */

/* Begin XCConfigurationList section */
		1D6058960D05DD3E006BFB54 /* Build configuration list for PBXNativeTarget "KineSutra" */ = {
			isa = XCConfigurationList;
			buildConfigurations = (
				1D6058940D05DD3E006BFB54 /* Debug */,
				1D6058950D05DD3E006BFB54 /* Release */,
			);
			defaultConfigurationIsVisible = 0;
			defaultConfigurationName = Release;
		};
		C01FCF4E08A954540054247B /* Build configuration list for PBXProject "KineSutra" */ = {
			isa = XCConfigurationList;
			buildConfigurations = (
				C01FCF4F08A954540054247B /* Debug */,
				C01FCF5008A954540054247B /* Release */,
			);
			defaultConfigurationIsVisible = 0;
			defaultConfigurationName = Release;
		};
/* End XCConfigurationList section */
	};
	rootObject = 29B97313FDCFA39411CA2CEA /* Project object */;
}
